// !$*UTF8*$!
{
	archiveVersion = 1;
	classes = {
	};
	objectVersion = 48;
	objects = {

/* Begin PBXBuildFile section */
		68100CE920236CCA00E2B84F /* InfoLabel.swift in Sources */ = {isa = PBXBuildFile; fileRef = 68100CE820236CC900E2B84F /* InfoLabel.swift */; };
		68100CEB2025DC5300E2B84F /* AlertTextLabel.swift in Sources */ = {isa = PBXBuildFile; fileRef = 68100CEA2025DC5300E2B84F /* AlertTextLabel.swift */; };
		68100CED2027889400E2B84F /* StopButton.swift in Sources */ = {isa = PBXBuildFile; fileRef = 68100CEC2027889400E2B84F /* StopButton.swift */; };
		683739002013BA5E002953B7 /* AppDelegate.swift in Sources */ = {isa = PBXBuildFile; fileRef = 683738FF2013BA5E002953B7 /* AppDelegate.swift */; };
		683739052013BA5E002953B7 /* Main.storyboard in Resources */ = {isa = PBXBuildFile; fileRef = 683739032013BA5E002953B7 /* Main.storyboard */; };
		683739072013BA5E002953B7 /* Assets.xcassets in Resources */ = {isa = PBXBuildFile; fileRef = 683739062013BA5E002953B7 /* Assets.xcassets */; };
		6837390A2013BA5E002953B7 /* LaunchScreen.storyboard in Resources */ = {isa = PBXBuildFile; fileRef = 683739082013BA5E002953B7 /* LaunchScreen.storyboard */; };
		683739142013BABC002953B7 /* Egg.swift in Sources */ = {isa = PBXBuildFile; fileRef = 683739132013BABC002953B7 /* Egg.swift */; };
		683739162013BDEE002953B7 /* SettingsVC.swift in Sources */ = {isa = PBXBuildFile; fileRef = 683739152013BDEE002953B7 /* SettingsVC.swift */; };
		683739182013D6FA002953B7 /* plusMinusButton.swift in Sources */ = {isa = PBXBuildFile; fileRef = 683739172013D6FA002953B7 /* plusMinusButton.swift */; };
		68373920201491A5002953B7 /* UILabel+textshadow.swift in Sources */ = {isa = PBXBuildFile; fileRef = 6837391F201491A5002953B7 /* UILabel+textshadow.swift */; };
		68373922201491DC002953B7 /* UIImage+Tintcolor.swift in Sources */ = {isa = PBXBuildFile; fileRef = 68373921201491DC002953B7 /* UIImage+Tintcolor.swift */; };
		6837392720149348002953B7 /* UIViewcontroller+backgroundimage.swift in Sources */ = {isa = PBXBuildFile; fileRef = 6837392620149348002953B7 /* UIViewcontroller+backgroundimage.swift */; };
		683739292014A4E3002953B7 /* AmountEggsVC.swift in Sources */ = {isa = PBXBuildFile; fileRef = 683739282014A4E3002953B7 /* AmountEggsVC.swift */; };
		6837392B2014F4DD002953B7 /* TimerVC.swift in Sources */ = {isa = PBXBuildFile; fileRef = 6837392A2014F4DD002953B7 /* TimerVC.swift */; };
		6837392D201525A3002953B7 /* UIView+cirkel.swift in Sources */ = {isa = PBXBuildFile; fileRef = 6837392C201525A3002953B7 /* UIView+cirkel.swift */; };
		68373935201680D5002953B7 /* TimerVC+timerlogics.swift in Sources */ = {isa = PBXBuildFile; fileRef = 68373934201680D5002953B7 /* TimerVC+timerlogics.swift */; };
		6837393820168576002953B7 /* BolingtimeCalculator.swift in Sources */ = {isa = PBXBuildFile; fileRef = 6837393720168576002953B7 /* BolingtimeCalculator.swift */; };
		6837393B20168996002953B7 /* Unused code.swift in Sources */ = {isa = PBXBuildFile; fileRef = 6837393A20168996002953B7 /* Unused code.swift */; };
		684372C62016BC2300034DB5 /* eggsready.wav in Resources */ = {isa = PBXBuildFile; fileRef = 684372C52016BC2300034DB5 /* eggsready.wav */; };
		684372CA2017419A00034DB5 /* View+hakeAnimation.swift in Sources */ = {isa = PBXBuildFile; fileRef = 684372C92017419A00034DB5 /* View+hakeAnimation.swift */; };
		684372CC2017CA6600034DB5 /* UILabel+padding.swift in Sources */ = {isa = PBXBuildFile; fileRef = 684372CB2017CA6600034DB5 /* UILabel+padding.swift */; };
		6850A758201BDEB400BB7538 /* ExtrainfoViewController.swift in Sources */ = {isa = PBXBuildFile; fileRef = 6850A757201BDEB400BB7538 /* ExtrainfoViewController.swift */; };
		6850A75A201BE42200BB7538 /* Attributedstring+html.swift in Sources */ = {isa = PBXBuildFile; fileRef = 6850A759201BE42200BB7538 /* Attributedstring+html.swift */; };
		6850A75C201BEB5200BB7538 /* CGFloat+multipliers.swift in Sources */ = {isa = PBXBuildFile; fileRef = 6850A75B201BEB5200BB7538 /* CGFloat+multipliers.swift */; };
		68525E1620332EE7006CE114 /* EggMeasuringVC.swift in Sources */ = {isa = PBXBuildFile; fileRef = 68525E1420332EE7006CE114 /* EggMeasuringVC.swift */; };
		68525E1720332EE7006CE114 /* EggMeasuringVC.xib in Resources */ = {isa = PBXBuildFile; fileRef = 68525E1520332EE7006CE114 /* EggMeasuringVC.xib */; };
		6888ED4B202DD29E00C83FF5 /* InfoPlist.strings in Resources */ = {isa = PBXBuildFile; fileRef = 6888ED49202DD29E00C83FF5 /* InfoPlist.strings */; };
		689004722018E2B0006B9E3A /* String+getNumber.swift in Sources */ = {isa = PBXBuildFile; fileRef = 689004712018E2B0006B9E3A /* String+getNumber.swift */; };
		68904BD92021D483006623EB /* UserdefaultsManager.swift in Sources */ = {isa = PBXBuildFile; fileRef = 68904BD82021D483006623EB /* UserdefaultsManager.swift */; };
		6899FA1C20232D11006A95C1 /* NotificationManager.swift in Sources */ = {isa = PBXBuildFile; fileRef = 6899FA1B20232D11006A95C1 /* NotificationManager.swift */; };
		68DE58D4201E625200327B29 /* Localizable.strings in Resources */ = {isa = PBXBuildFile; fileRef = 68DE58D2201E625200327B29 /* Localizable.strings */; };
		68DE58D7201E63BB00327B29 /* String+localized.swift in Sources */ = {isa = PBXBuildFile; fileRef = 68DE58D6201E63BB00327B29 /* String+localized.swift */; };
		68DE58DA201F15BB00327B29 /* LaunchVC.swift in Sources */ = {isa = PBXBuildFile; fileRef = 68DE58D9201F15BB00327B29 /* LaunchVC.swift */; };
		68DE58DE201F1DD900327B29 /* UIColor+projectcolors.swift in Sources */ = {isa = PBXBuildFile; fileRef = 68DE58DD201F1DD900327B29 /* UIColor+projectcolors.swift */; };
		C1D1BB2BEF473A6EA3465EA0 /* Pods_Egg_Timer.framework in Frameworks */ = {isa = PBXBuildFile; fileRef = 9F9E111DCFC3A78684FF16BC /* Pods_Egg_Timer.framework */; };
/* End PBXBuildFile section */

/* Begin PBXFileReference section */
		25E223AD52C04F2DE6BE5062 /* Pods-Egg Timer.debug.xcconfig */ = {isa = PBXFileReference; includeInIndex = 1; lastKnownFileType = text.xcconfig; name = "Pods-Egg Timer.debug.xcconfig"; path = "Pods/Target Support Files/Pods-Egg Timer/Pods-Egg Timer.debug.xcconfig"; sourceTree = "<group>"; };
		68100CE820236CC900E2B84F /* InfoLabel.swift */ = {isa = PBXFileReference; lastKnownFileType = sourcecode.swift; path = InfoLabel.swift; sourceTree = "<group>"; };
		68100CEA2025DC5300E2B84F /* AlertTextLabel.swift */ = {isa = PBXFileReference; lastKnownFileType = sourcecode.swift; path = AlertTextLabel.swift; sourceTree = "<group>"; };
		68100CEC2027889400E2B84F /* StopButton.swift */ = {isa = PBXFileReference; lastKnownFileType = sourcecode.swift; path = StopButton.swift; sourceTree = "<group>"; };
		68100CF12028656700E2B84F /* Egg Timer.entitlements */ = {isa = PBXFileReference; lastKnownFileType = text.plist.entitlements; path = "Egg Timer.entitlements"; sourceTree = "<group>"; };
		683738FC2013BA5E002953B7 /* Egg Timer.app */ = {isa = PBXFileReference; explicitFileType = wrapper.application; includeInIndex = 0; path = "Egg Timer.app"; sourceTree = BUILT_PRODUCTS_DIR; };
		683738FF2013BA5E002953B7 /* AppDelegate.swift */ = {isa = PBXFileReference; lastKnownFileType = sourcecode.swift; path = AppDelegate.swift; sourceTree = "<group>"; };
		683739042013BA5E002953B7 /* Base */ = {isa = PBXFileReference; lastKnownFileType = file.storyboard; name = Base; path = Base.lproj/Main.storyboard; sourceTree = "<group>"; };
		683739062013BA5E002953B7 /* Assets.xcassets */ = {isa = PBXFileReference; lastKnownFileType = folder.assetcatalog; path = Assets.xcassets; sourceTree = "<group>"; };
		683739092013BA5E002953B7 /* Base */ = {isa = PBXFileReference; lastKnownFileType = file.storyboard; name = Base; path = Base.lproj/LaunchScreen.storyboard; sourceTree = "<group>"; };
		6837390B2013BA5E002953B7 /* Info.plist */ = {isa = PBXFileReference; lastKnownFileType = text.plist.xml; path = Info.plist; sourceTree = "<group>"; };
		683739132013BABC002953B7 /* Egg.swift */ = {isa = PBXFileReference; lastKnownFileType = sourcecode.swift; path = Egg.swift; sourceTree = "<group>"; };
		683739152013BDEE002953B7 /* SettingsVC.swift */ = {isa = PBXFileReference; lastKnownFileType = sourcecode.swift; path = SettingsVC.swift; sourceTree = "<group>"; };
		683739172013D6FA002953B7 /* plusMinusButton.swift */ = {isa = PBXFileReference; lastKnownFileType = sourcecode.swift; path = plusMinusButton.swift; sourceTree = "<group>"; };
		6837391F201491A5002953B7 /* UILabel+textshadow.swift */ = {isa = PBXFileReference; lastKnownFileType = sourcecode.swift; path = "UILabel+textshadow.swift"; sourceTree = "<group>"; };
		68373921201491DC002953B7 /* UIImage+Tintcolor.swift */ = {isa = PBXFileReference; lastKnownFileType = sourcecode.swift; path = "UIImage+Tintcolor.swift"; sourceTree = "<group>"; };
		6837392620149348002953B7 /* UIViewcontroller+backgroundimage.swift */ = {isa = PBXFileReference; lastKnownFileType = sourcecode.swift; path = "UIViewcontroller+backgroundimage.swift"; sourceTree = "<group>"; };
		683739282014A4E3002953B7 /* AmountEggsVC.swift */ = {isa = PBXFileReference; lastKnownFileType = sourcecode.swift; path = AmountEggsVC.swift; sourceTree = "<group>"; };
		6837392A2014F4DD002953B7 /* TimerVC.swift */ = {isa = PBXFileReference; lastKnownFileType = sourcecode.swift; path = TimerVC.swift; sourceTree = "<group>"; };
		6837392C201525A3002953B7 /* UIView+cirkel.swift */ = {isa = PBXFileReference; lastKnownFileType = sourcecode.swift; path = "UIView+cirkel.swift"; sourceTree = "<group>"; };
		68373934201680D5002953B7 /* TimerVC+timerlogics.swift */ = {isa = PBXFileReference; lastKnownFileType = sourcecode.swift; path = "TimerVC+timerlogics.swift"; sourceTree = "<group>"; };
		6837393720168576002953B7 /* BolingtimeCalculator.swift */ = {isa = PBXFileReference; lastKnownFileType = sourcecode.swift; path = BolingtimeCalculator.swift; sourceTree = "<group>"; };
		6837393A20168996002953B7 /* Unused code.swift */ = {isa = PBXFileReference; lastKnownFileType = sourcecode.swift; path = "Unused code.swift"; sourceTree = "<group>"; };
		684372C52016BC2300034DB5 /* eggsready.wav */ = {isa = PBXFileReference; lastKnownFileType = audio.wav; path = eggsready.wav; sourceTree = "<group>"; };
		684372C92017419A00034DB5 /* View+hakeAnimation.swift */ = {isa = PBXFileReference; lastKnownFileType = sourcecode.swift; path = "View+hakeAnimation.swift"; sourceTree = "<group>"; };
		684372CB2017CA6600034DB5 /* UILabel+padding.swift */ = {isa = PBXFileReference; lastKnownFileType = sourcecode.swift; path = "UILabel+padding.swift"; sourceTree = "<group>"; };
		6850A757201BDEB400BB7538 /* ExtrainfoViewController.swift */ = {isa = PBXFileReference; lastKnownFileType = sourcecode.swift; path = ExtrainfoViewController.swift; sourceTree = "<group>"; };
		6850A759201BE42200BB7538 /* Attributedstring+html.swift */ = {isa = PBXFileReference; lastKnownFileType = sourcecode.swift; path = "Attributedstring+html.swift"; sourceTree = "<group>"; };
		6850A75B201BEB5200BB7538 /* CGFloat+multipliers.swift */ = {isa = PBXFileReference; lastKnownFileType = sourcecode.swift; path = "CGFloat+multipliers.swift"; sourceTree = "<group>"; };
		68525E1420332EE7006CE114 /* EggMeasuringVC.swift */ = {isa = PBXFileReference; lastKnownFileType = sourcecode.swift; path = EggMeasuringVC.swift; sourceTree = "<group>"; };
		68525E1520332EE7006CE114 /* EggMeasuringVC.xib */ = {isa = PBXFileReference; lastKnownFileType = file.xib; path = EggMeasuringVC.xib; sourceTree = "<group>"; };
		6888ED4A202DD29E00C83FF5 /* nl */ = {isa = PBXFileReference; lastKnownFileType = text.plist.strings; name = nl; path = "Egg Timer/nl.lproj/InfoPlist.strings"; sourceTree = "<group>"; };
		6888ED4C202DD2A800C83FF5 /* Base */ = {isa = PBXFileReference; lastKnownFileType = text.plist.strings; name = Base; path = "Egg Timer/Base.lproj/InfoPlist.strings"; sourceTree = "<group>"; };
		6888ED4D202DD2AD00C83FF5 /* en */ = {isa = PBXFileReference; lastKnownFileType = text.plist.strings; name = en; path = "Egg Timer/en.lproj/InfoPlist.strings"; sourceTree = "<group>"; };
		689004712018E2B0006B9E3A /* String+getNumber.swift */ = {isa = PBXFileReference; lastKnownFileType = sourcecode.swift; path = "String+getNumber.swift"; sourceTree = "<group>"; };
		68904BD82021D483006623EB /* UserdefaultsManager.swift */ = {isa = PBXFileReference; lastKnownFileType = sourcecode.swift; path = UserdefaultsManager.swift; sourceTree = "<group>"; };
		6899FA1B20232D11006A95C1 /* NotificationManager.swift */ = {isa = PBXFileReference; lastKnownFileType = sourcecode.swift; path = NotificationManager.swift; sourceTree = "<group>"; };
		68DE58CF201CD5ED00327B29 /* en */ = {isa = PBXFileReference; lastKnownFileType = text.plist.strings; name = en; path = en.lproj/Main.strings; sourceTree = "<group>"; };
		68DE58D0201CD5ED00327B29 /* en */ = {isa = PBXFileReference; lastKnownFileType = text.plist.strings; name = en; path = en.lproj/LaunchScreen.strings; sourceTree = "<group>"; };
		68DE58D3201E625200327B29 /* nl */ = {isa = PBXFileReference; lastKnownFileType = text.plist.strings; name = nl; path = "Egg Timer/nl.lproj/Localizable.strings"; sourceTree = SOURCE_ROOT; };
		68DE58D5201E62E800327B29 /* en */ = {isa = PBXFileReference; lastKnownFileType = text.plist.strings; name = en; path = ../../en.lproj/Localizable.strings; sourceTree = "<group>"; };
		68DE58D6201E63BB00327B29 /* String+localized.swift */ = {isa = PBXFileReference; lastKnownFileType = sourcecode.swift; path = "String+localized.swift"; sourceTree = "<group>"; };
		68DE58D8201E786500327B29 /* Base */ = {isa = PBXFileReference; lastKnownFileType = text.plist.strings; name = Base; path = ../../Base.lproj/Localizable.strings; sourceTree = "<group>"; };
		68DE58D9201F15BB00327B29 /* LaunchVC.swift */ = {isa = PBXFileReference; lastKnownFileType = sourcecode.swift; path = LaunchVC.swift; sourceTree = "<group>"; };
		68DE58DD201F1DD900327B29 /* UIColor+projectcolors.swift */ = {isa = PBXFileReference; lastKnownFileType = sourcecode.swift; path = "UIColor+projectcolors.swift"; sourceTree = "<group>"; };
		9F9E111DCFC3A78684FF16BC /* Pods_Egg_Timer.framework */ = {isa = PBXFileReference; explicitFileType = wrapper.framework; includeInIndex = 0; path = Pods_Egg_Timer.framework; sourceTree = BUILT_PRODUCTS_DIR; };
		D58F07FC0A0DD9374952B83F /* Pods-Egg Timer.release.xcconfig */ = {isa = PBXFileReference; includeInIndex = 1; lastKnownFileType = text.xcconfig; name = "Pods-Egg Timer.release.xcconfig"; path = "Pods/Target Support Files/Pods-Egg Timer/Pods-Egg Timer.release.xcconfig"; sourceTree = "<group>"; };
/* End PBXFileReference section */

/* Begin PBXFrameworksBuildPhase section */
		683738F92013BA5E002953B7 /* Frameworks */ = {
			isa = PBXFrameworksBuildPhase;
			buildActionMask = 2147483647;
			files = (
				C1D1BB2BEF473A6EA3465EA0 /* Pods_Egg_Timer.framework in Frameworks */,
			);
			runOnlyForDeploymentPostprocessing = 0;
		};
/* End PBXFrameworksBuildPhase section */

/* Begin PBXGroup section */
		5C09D63E565B347EF71F9CED /* Pods */ = {
			isa = PBXGroup;
			children = (
				25E223AD52C04F2DE6BE5062 /* Pods-Egg Timer.debug.xcconfig */,
				D58F07FC0A0DD9374952B83F /* Pods-Egg Timer.release.xcconfig */,
			);
			name = Pods;
			sourceTree = "<group>";
		};
		68100CEE2028653700E2B84F /* Frameworks */ = {
			isa = PBXGroup;
			children = (
				9F9E111DCFC3A78684FF16BC /* Pods_Egg_Timer.framework */,
			);
			name = Frameworks;
			sourceTree = "<group>";
		};
		683738F32013BA5E002953B7 = {
			isa = PBXGroup;
			children = (
				6888ED49202DD29E00C83FF5 /* InfoPlist.strings */,
				683738FE2013BA5E002953B7 /* Egg Timer */,
				683738FD2013BA5E002953B7 /* Products */,
				68100CEE2028653700E2B84F /* Frameworks */,
				5C09D63E565B347EF71F9CED /* Pods */,
			);
			sourceTree = "<group>";
		};
		683738FD2013BA5E002953B7 /* Products */ = {
			isa = PBXGroup;
			children = (
				683738FC2013BA5E002953B7 /* Egg Timer.app */,
			);
			name = Products;
			sourceTree = "<group>";
		};
		683738FE2013BA5E002953B7 /* Egg Timer */ = {
			isa = PBXGroup;
			children = (
				68100CF12028656700E2B84F /* Egg Timer.entitlements */,
				683738FF2013BA5E002953B7 /* AppDelegate.swift */,
				683739032013BA5E002953B7 /* Main.storyboard */,
				6837393920168975002953B7 /* Unused code */,
				6899FA1A20232CDE006A95C1 /* Notification manager */,
				683739362016853F002953B7 /* Viewmodel */,
				68373925201492DC002953B7 /* Model */,
				683739242014927C002953B7 /* Views */,
				6837392E2015352F002953B7 /* Common */,
				683739232014924E002953B7 /* ViewControllers */,
				6837391B20149142002953B7 /* Extensions */,
				683739312015359E002953B7 /* Resources */,
				683739062013BA5E002953B7 /* Assets.xcassets */,
				683739082013BA5E002953B7 /* LaunchScreen.storyboard */,
				6837390B2013BA5E002953B7 /* Info.plist */,
			);
			path = "Egg Timer";
			sourceTree = "<group>";
		};
		6837391B20149142002953B7 /* Extensions */ = {
			isa = PBXGroup;
			children = (
				6837391F201491A5002953B7 /* UILabel+textshadow.swift */,
				68373921201491DC002953B7 /* UIImage+Tintcolor.swift */,
				6837392620149348002953B7 /* UIViewcontroller+backgroundimage.swift */,
				6837392C201525A3002953B7 /* UIView+cirkel.swift */,
				68373934201680D5002953B7 /* TimerVC+timerlogics.swift */,
				684372C92017419A00034DB5 /* View+hakeAnimation.swift */,
				684372CB2017CA6600034DB5 /* UILabel+padding.swift */,
				689004712018E2B0006B9E3A /* String+getNumber.swift */,
				6850A759201BE42200BB7538 /* Attributedstring+html.swift */,
				6850A75B201BEB5200BB7538 /* CGFloat+multipliers.swift */,
				68DE58D6201E63BB00327B29 /* String+localized.swift */,
				68DE58DD201F1DD900327B29 /* UIColor+projectcolors.swift */,
			);
			path = Extensions;
			sourceTree = "<group>";
		};
		683739232014924E002953B7 /* ViewControllers */ = {
			isa = PBXGroup;
			children = (
				68DE58D9201F15BB00327B29 /* LaunchVC.swift */,
				683739152013BDEE002953B7 /* SettingsVC.swift */,
				683739282014A4E3002953B7 /* AmountEggsVC.swift */,
				6850A757201BDEB400BB7538 /* ExtrainfoViewController.swift */,
				6837392A2014F4DD002953B7 /* TimerVC.swift */,
				68525E1420332EE7006CE114 /* EggMeasuringVC.swift */,
				68525E1520332EE7006CE114 /* EggMeasuringVC.xib */,
			);
			path = ViewControllers;
			sourceTree = "<group>";
		};
		683739242014927C002953B7 /* Views */ = {
			isa = PBXGroup;
			children = (
				683739172013D6FA002953B7 /* plusMinusButton.swift */,
				68100CE820236CC900E2B84F /* InfoLabel.swift */,
				68100CEA2025DC5300E2B84F /* AlertTextLabel.swift */,
				68100CEC2027889400E2B84F /* StopButton.swift */,
			);
			path = Views;
			sourceTree = "<group>";
		};
		68373925201492DC002953B7 /* Model */ = {
			isa = PBXGroup;
			children = (
				683739132013BABC002953B7 /* Egg.swift */,
			);
			path = Model;
			sourceTree = "<group>";
		};
		6837392E2015352F002953B7 /* Common */ = {
			isa = PBXGroup;
			children = (
				68904BD82021D483006623EB /* UserdefaultsManager.swift */,
			);
			path = Common;
			sourceTree = "<group>";
		};
		683739312015359E002953B7 /* Resources */ = {
			isa = PBXGroup;
			children = (
				68DE58D1201E621A00327B29 /* Localization */,
				684372C52016BC2300034DB5 /* eggsready.wav */,
			);
			path = Resources;
			sourceTree = "<group>";
		};
		683739362016853F002953B7 /* Viewmodel */ = {
			isa = PBXGroup;
			children = (
				6837393720168576002953B7 /* BolingtimeCalculator.swift */,
			);
			path = Viewmodel;
			sourceTree = "<group>";
		};
		6837393920168975002953B7 /* Unused code */ = {
			isa = PBXGroup;
			children = (
				6837393A20168996002953B7 /* Unused code.swift */,
			);
			path = "Unused code";
			sourceTree = "<group>";
		};
		6899FA1A20232CDE006A95C1 /* Notification manager */ = {
			isa = PBXGroup;
			children = (
				6899FA1B20232D11006A95C1 /* NotificationManager.swift */,
			);
			path = "Notification manager";
			sourceTree = "<group>";
		};
		68DE58D1201E621A00327B29 /* Localization */ = {
			isa = PBXGroup;
			children = (
				68DE58D2201E625200327B29 /* Localizable.strings */,
			);
			path = Localization;
			sourceTree = "<group>";
		};
/* End PBXGroup section */

/* Begin PBXNativeTarget section */
		683738FB2013BA5E002953B7 /* Egg Timer */ = {
			isa = PBXNativeTarget;
			buildConfigurationList = 6837390E2013BA5E002953B7 /* Build configuration list for PBXNativeTarget "Egg Timer" */;
			buildPhases = (
				E3409F1E882500958A294DC2 /* [CP] Check Pods Manifest.lock */,
				683738F82013BA5E002953B7 /* Sources */,
				683738F92013BA5E002953B7 /* Frameworks */,
				683738FA2013BA5E002953B7 /* Resources */,
				F25E389BAD6F53006863B421 /* [CP] Embed Pods Frameworks */,
				13096EA3FBB2A2D4CE187709 /* [CP] Copy Pods Resources */,
			);
			buildRules = (
			);
			dependencies = (
			);
			name = "Egg Timer";
			productName = "Egg Timer";
			productReference = 683738FC2013BA5E002953B7 /* Egg Timer.app */;
			productType = "com.apple.product-type.application";
		};
/* End PBXNativeTarget section */

/* Begin PBXProject section */
		683738F42013BA5E002953B7 /* Project object */ = {
			isa = PBXProject;
			attributes = {
				LastSwiftUpdateCheck = 0910;
				LastUpgradeCheck = 0910;
				ORGANIZATIONNAME = "Martijn van Gogh";
				TargetAttributes = {
					683738FB2013BA5E002953B7 = {
						CreatedOnToolsVersion = 9.1;
						ProvisioningStyle = Automatic;
						SystemCapabilities = {
							com.apple.ApplicationGroups.iOS = {
								enabled = 0;
							};
							com.apple.InterAppAudio = {
								enabled = 0;
							};
							com.apple.Maps.iOS = {
								enabled = 0;
							};
						};
					};
				};
			};
			buildConfigurationList = 683738F72013BA5E002953B7 /* Build configuration list for PBXProject "Egg Timer" */;
			compatibilityVersion = "Xcode 8.0";
			developmentRegion = nl;
			hasScannedForEncodings = 0;
			knownRegions = (
				Base,
				nl,
				en,
			);
			mainGroup = 683738F32013BA5E002953B7;
			productRefGroup = 683738FD2013BA5E002953B7 /* Products */;
			projectDirPath = "";
			projectRoot = "";
			targets = (
				683738FB2013BA5E002953B7 /* Egg Timer */,
			);
		};
/* End PBXProject section */

/* Begin PBXResourcesBuildPhase section */
		683738FA2013BA5E002953B7 /* Resources */ = {
			isa = PBXResourcesBuildPhase;
			buildActionMask = 2147483647;
			files = (
				684372C62016BC2300034DB5 /* eggsready.wav in Resources */,
				6888ED4B202DD29E00C83FF5 /* InfoPlist.strings in Resources */,
				68525E1720332EE7006CE114 /* EggMeasuringVC.xib in Resources */,
				68DE58D4201E625200327B29 /* Localizable.strings in Resources */,
				6837390A2013BA5E002953B7 /* LaunchScreen.storyboard in Resources */,
				683739072013BA5E002953B7 /* Assets.xcassets in Resources */,
				683739052013BA5E002953B7 /* Main.storyboard in Resources */,
			);
			runOnlyForDeploymentPostprocessing = 0;
		};
/* End PBXResourcesBuildPhase section */

/* Begin PBXShellScriptBuildPhase section */
		13096EA3FBB2A2D4CE187709 /* [CP] Copy Pods Resources */ = {
			isa = PBXShellScriptBuildPhase;
			buildActionMask = 2147483647;
			files = (
			);
			inputPaths = (
			);
			name = "[CP] Copy Pods Resources";
			outputPaths = (
			);
			runOnlyForDeploymentPostprocessing = 0;
			shellPath = /bin/sh;
			shellScript = "\"${SRCROOT}/Pods/Target Support Files/Pods-Egg Timer/Pods-Egg Timer-resources.sh\"\n";
			showEnvVarsInLog = 0;
		};
		E3409F1E882500958A294DC2 /* [CP] Check Pods Manifest.lock */ = {
			isa = PBXShellScriptBuildPhase;
			buildActionMask = 2147483647;
			files = (
			);
			inputPaths = (
				"${PODS_PODFILE_DIR_PATH}/Podfile.lock",
				"${PODS_ROOT}/Manifest.lock",
			);
			name = "[CP] Check Pods Manifest.lock";
			outputPaths = (
				"$(DERIVED_FILE_DIR)/Pods-Egg Timer-checkManifestLockResult.txt",
			);
			runOnlyForDeploymentPostprocessing = 0;
			shellPath = /bin/sh;
			shellScript = "diff \"${PODS_PODFILE_DIR_PATH}/Podfile.lock\" \"${PODS_ROOT}/Manifest.lock\" > /dev/null\nif [ $? != 0 ] ; then\n    # print error to STDERR\n    echo \"error: The sandbox is not in sync with the Podfile.lock. Run 'pod install' or update your CocoaPods installation.\" >&2\n    exit 1\nfi\n# This output is used by Xcode 'outputs' to avoid re-running this script phase.\necho \"SUCCESS\" > \"${SCRIPT_OUTPUT_FILE_0}\"\n";
			showEnvVarsInLog = 0;
		};
		F25E389BAD6F53006863B421 /* [CP] Embed Pods Frameworks */ = {
			isa = PBXShellScriptBuildPhase;
			buildActionMask = 2147483647;
			files = (
			);
			inputPaths = (
				"${SRCROOT}/Pods/Target Support Files/Pods-Egg Timer/Pods-Egg Timer-frameworks.sh",
				"${BUILT_PRODUCTS_DIR}/UIDeviceComplete/UIDeviceComplete.framework",
			);
			name = "[CP] Embed Pods Frameworks";
			outputPaths = (
				"${TARGET_BUILD_DIR}/${FRAMEWORKS_FOLDER_PATH}/UIDeviceComplete.framework",
			);
			runOnlyForDeploymentPostprocessing = 0;
			shellPath = /bin/sh;
			shellScript = "\"${SRCROOT}/Pods/Target Support Files/Pods-Egg Timer/Pods-Egg Timer-frameworks.sh\"\n";
			showEnvVarsInLog = 0;
		};
/* End PBXShellScriptBuildPhase section */

/* Begin PBXSourcesBuildPhase section */
		683738F82013BA5E002953B7 /* Sources */ = {
			isa = PBXSourcesBuildPhase;
			buildActionMask = 2147483647;
			files = (
				683739182013D6FA002953B7 /* plusMinusButton.swift in Sources */,
				6837393B20168996002953B7 /* Unused code.swift in Sources */,
				68525E1620332EE7006CE114 /* EggMeasuringVC.swift in Sources */,
				68904BD92021D483006623EB /* UserdefaultsManager.swift in Sources */,
				68DE58D7201E63BB00327B29 /* String+localized.swift in Sources */,
				684372CA2017419A00034DB5 /* View+hakeAnimation.swift in Sources */,
				6850A758201BDEB400BB7538 /* ExtrainfoViewController.swift in Sources */,
				6837392D201525A3002953B7 /* UIView+cirkel.swift in Sources */,
				68100CED2027889400E2B84F /* StopButton.swift in Sources */,
				68DE58DE201F1DD900327B29 /* UIColor+projectcolors.swift in Sources */,
				6850A75C201BEB5200BB7538 /* CGFloat+multipliers.swift in Sources */,
				68100CE920236CCA00E2B84F /* InfoLabel.swift in Sources */,
				683739142013BABC002953B7 /* Egg.swift in Sources */,
				689004722018E2B0006B9E3A /* String+getNumber.swift in Sources */,
				6899FA1C20232D11006A95C1 /* NotificationManager.swift in Sources */,
				683739002013BA5E002953B7 /* AppDelegate.swift in Sources */,
				68100CEB2025DC5300E2B84F /* AlertTextLabel.swift in Sources */,
				68DE58DA201F15BB00327B29 /* LaunchVC.swift in Sources */,
				6837392720149348002953B7 /* UIViewcontroller+backgroundimage.swift in Sources */,
				68373922201491DC002953B7 /* UIImage+Tintcolor.swift in Sources */,
				6837392B2014F4DD002953B7 /* TimerVC.swift in Sources */,
				683739292014A4E3002953B7 /* AmountEggsVC.swift in Sources */,
				6850A75A201BE42200BB7538 /* Attributedstring+html.swift in Sources */,
				683739162013BDEE002953B7 /* SettingsVC.swift in Sources */,
				68373920201491A5002953B7 /* UILabel+textshadow.swift in Sources */,
				6837393820168576002953B7 /* BolingtimeCalculator.swift in Sources */,
				68373935201680D5002953B7 /* TimerVC+timerlogics.swift in Sources */,
				684372CC2017CA6600034DB5 /* UILabel+padding.swift in Sources */,
			);
			runOnlyForDeploymentPostprocessing = 0;
		};
/* End PBXSourcesBuildPhase section */

/* Begin PBXVariantGroup section */
		683739032013BA5E002953B7 /* Main.storyboard */ = {
			isa = PBXVariantGroup;
			children = (
				683739042013BA5E002953B7 /* Base */,
				68DE58CF201CD5ED00327B29 /* en */,
			);
			name = Main.storyboard;
			sourceTree = "<group>";
		};
		683739082013BA5E002953B7 /* LaunchScreen.storyboard */ = {
			isa = PBXVariantGroup;
			children = (
				683739092013BA5E002953B7 /* Base */,
				68DE58D0201CD5ED00327B29 /* en */,
			);
			name = LaunchScreen.storyboard;
			sourceTree = "<group>";
		};
		6888ED49202DD29E00C83FF5 /* InfoPlist.strings */ = {
			isa = PBXVariantGroup;
			children = (
				6888ED4A202DD29E00C83FF5 /* nl */,
				6888ED4C202DD2A800C83FF5 /* Base */,
				6888ED4D202DD2AD00C83FF5 /* en */,
			);
			name = InfoPlist.strings;
			sourceTree = "<group>";
		};
		68DE58D2201E625200327B29 /* Localizable.strings */ = {
			isa = PBXVariantGroup;
			children = (
				68DE58D3201E625200327B29 /* nl */,
				68DE58D5201E62E800327B29 /* en */,
				68DE58D8201E786500327B29 /* Base */,
			);
			name = Localizable.strings;
			sourceTree = "<group>";
		};
/* End PBXVariantGroup section */

/* Begin XCBuildConfiguration section */
		6837390C2013BA5E002953B7 /* Debug */ = {
			isa = XCBuildConfiguration;
			buildSettings = {
				ALWAYS_SEARCH_USER_PATHS = NO;
				CLANG_ANALYZER_LOCALIZABILITY_NONLOCALIZED = YES;
				CLANG_ANALYZER_NONNULL = YES;
				CLANG_ANALYZER_NUMBER_OBJECT_CONVERSION = YES_AGGRESSIVE;
				CLANG_CXX_LANGUAGE_STANDARD = "gnu++14";
				CLANG_CXX_LIBRARY = "libc++";
				CLANG_ENABLE_MODULES = YES;
				CLANG_ENABLE_OBJC_ARC = YES;
				CLANG_WARN_BLOCK_CAPTURE_AUTORELEASING = YES;
				CLANG_WARN_BOOL_CONVERSION = YES;
				CLANG_WARN_COMMA = YES;
				CLANG_WARN_CONSTANT_CONVERSION = YES;
				CLANG_WARN_DIRECT_OBJC_ISA_USAGE = YES_ERROR;
				CLANG_WARN_DOCUMENTATION_COMMENTS = YES;
				CLANG_WARN_EMPTY_BODY = YES;
				CLANG_WARN_ENUM_CONVERSION = YES;
				CLANG_WARN_INFINITE_RECURSION = YES;
				CLANG_WARN_INT_CONVERSION = YES;
				CLANG_WARN_NON_LITERAL_NULL_CONVERSION = YES;
				CLANG_WARN_OBJC_LITERAL_CONVERSION = YES;
				CLANG_WARN_OBJC_ROOT_CLASS = YES_ERROR;
				CLANG_WARN_RANGE_LOOP_ANALYSIS = YES;
				CLANG_WARN_STRICT_PROTOTYPES = YES;
				CLANG_WARN_SUSPICIOUS_MOVE = YES;
				CLANG_WARN_UNGUARDED_AVAILABILITY = YES_AGGRESSIVE;
				CLANG_WARN_UNREACHABLE_CODE = YES;
				CLANG_WARN__DUPLICATE_METHOD_MATCH = YES;
				CODE_SIGN_IDENTITY = "iPhone Developer";
				COPY_PHASE_STRIP = NO;
				DEBUG_INFORMATION_FORMAT = dwarf;
				ENABLE_STRICT_OBJC_MSGSEND = YES;
				ENABLE_TESTABILITY = YES;
				GCC_C_LANGUAGE_STANDARD = gnu11;
				GCC_DYNAMIC_NO_PIC = NO;
				GCC_NO_COMMON_BLOCKS = YES;
				GCC_OPTIMIZATION_LEVEL = 0;
				GCC_PREPROCESSOR_DEFINITIONS = (
					"DEBUG=1",
					"$(inherited)",
				);
				GCC_WARN_64_TO_32_BIT_CONVERSION = YES;
				GCC_WARN_ABOUT_RETURN_TYPE = YES_ERROR;
				GCC_WARN_UNDECLARED_SELECTOR = YES;
				GCC_WARN_UNINITIALIZED_AUTOS = YES_AGGRESSIVE;
				GCC_WARN_UNUSED_FUNCTION = YES;
				GCC_WARN_UNUSED_VARIABLE = YES;
				IPHONEOS_DEPLOYMENT_TARGET = 10.3;
				MTL_ENABLE_DEBUG_INFO = YES;
				ONLY_ACTIVE_ARCH = YES;
				SDKROOT = iphoneos;
				SWIFT_ACTIVE_COMPILATION_CONDITIONS = DEBUG;
				SWIFT_OPTIMIZATION_LEVEL = "-Onone";
			};
			name = Debug;
		};
		6837390D2013BA5E002953B7 /* Release */ = {
			isa = XCBuildConfiguration;
			buildSettings = {
				ALWAYS_SEARCH_USER_PATHS = NO;
				CLANG_ANALYZER_LOCALIZABILITY_NONLOCALIZED = YES;
				CLANG_ANALYZER_NONNULL = YES;
				CLANG_ANALYZER_NUMBER_OBJECT_CONVERSION = YES_AGGRESSIVE;
				CLANG_CXX_LANGUAGE_STANDARD = "gnu++14";
				CLANG_CXX_LIBRARY = "libc++";
				CLANG_ENABLE_MODULES = YES;
				CLANG_ENABLE_OBJC_ARC = YES;
				CLANG_WARN_BLOCK_CAPTURE_AUTORELEASING = YES;
				CLANG_WARN_BOOL_CONVERSION = YES;
				CLANG_WARN_COMMA = YES;
				CLANG_WARN_CONSTANT_CONVERSION = YES;
				CLANG_WARN_DIRECT_OBJC_ISA_USAGE = YES_ERROR;
				CLANG_WARN_DOCUMENTATION_COMMENTS = YES;
				CLANG_WARN_EMPTY_BODY = YES;
				CLANG_WARN_ENUM_CONVERSION = YES;
				CLANG_WARN_INFINITE_RECURSION = YES;
				CLANG_WARN_INT_CONVERSION = YES;
				CLANG_WARN_NON_LITERAL_NULL_CONVERSION = YES;
				CLANG_WARN_OBJC_LITERAL_CONVERSION = YES;
				CLANG_WARN_OBJC_ROOT_CLASS = YES_ERROR;
				CLANG_WARN_RANGE_LOOP_ANALYSIS = YES;
				CLANG_WARN_STRICT_PROTOTYPES = YES;
				CLANG_WARN_SUSPICIOUS_MOVE = YES;
				CLANG_WARN_UNGUARDED_AVAILABILITY = YES_AGGRESSIVE;
				CLANG_WARN_UNREACHABLE_CODE = YES;
				CLANG_WARN__DUPLICATE_METHOD_MATCH = YES;
				CODE_SIGN_IDENTITY = "iPhone Developer";
				COPY_PHASE_STRIP = NO;
				DEBUG_INFORMATION_FORMAT = "dwarf-with-dsym";
				ENABLE_NS_ASSERTIONS = NO;
				ENABLE_STRICT_OBJC_MSGSEND = YES;
				GCC_C_LANGUAGE_STANDARD = gnu11;
				GCC_NO_COMMON_BLOCKS = YES;
				GCC_WARN_64_TO_32_BIT_CONVERSION = YES;
				GCC_WARN_ABOUT_RETURN_TYPE = YES_ERROR;
				GCC_WARN_UNDECLARED_SELECTOR = YES;
				GCC_WARN_UNINITIALIZED_AUTOS = YES_AGGRESSIVE;
				GCC_WARN_UNUSED_FUNCTION = YES;
				GCC_WARN_UNUSED_VARIABLE = YES;
				IPHONEOS_DEPLOYMENT_TARGET = 10.3;
				MTL_ENABLE_DEBUG_INFO = NO;
				SDKROOT = iphoneos;
				SWIFT_OPTIMIZATION_LEVEL = "-Owholemodule";
				VALIDATE_PRODUCT = YES;
			};
			name = Release;
		};
		6837390F2013BA5E002953B7 /* Debug */ = {
			isa = XCBuildConfiguration;
			baseConfigurationReference = 25E223AD52C04F2DE6BE5062 /* Pods-Egg Timer.debug.xcconfig */;
			buildSettings = {
				ASSETCATALOG_COMPILER_APPICON_NAME = AppIcon;
				"CODE_SIGN_IDENTITY[sdk=iphoneos*]" = "iPhone Developer";
				CODE_SIGN_STYLE = Automatic;
				DEVELOPMENT_TEAM = 94E429579Y;
				INFOPLIST_FILE = "Egg Timer/Info.plist";
				IPHONEOS_DEPLOYMENT_TARGET = 10.3;
				LD_RUNPATH_SEARCH_PATHS = "$(inherited) @executable_path/Frameworks";
				PRODUCT_BUNDLE_IDENTIFIER = "nl.1traveladventuregames.Egg-Timer";
				PRODUCT_NAME = "$(TARGET_NAME)";
				PROVISIONING_PROFILE_SPECIFIER = "";
				SWIFT_VERSION = 4.0;
				TARGETED_DEVICE_FAMILY = 1;
			};
			name = Debug;
		};
		683739102013BA5E002953B7 /* Release */ = {
			isa = XCBuildConfiguration;
			baseConfigurationReference = D58F07FC0A0DD9374952B83F /* Pods-Egg Timer.release.xcconfig */;
			buildSettings = {
				ASSETCATALOG_COMPILER_APPICON_NAME = AppIcon;
				"CODE_SIGN_IDENTITY[sdk=iphoneos*]" = "iPhone Developer";
				CODE_SIGN_STYLE = Automatic;
				DEVELOPMENT_TEAM = 94E429579Y;
				INFOPLIST_FILE = "Egg Timer/Info.plist";
				IPHONEOS_DEPLOYMENT_TARGET = 10.3;
				LD_RUNPATH_SEARCH_PATHS = "$(inherited) @executable_path/Frameworks";
				PRODUCT_BUNDLE_IDENTIFIER = "nl.1traveladventuregames.Egg-Timer";
				PRODUCT_NAME = "$(TARGET_NAME)";
				PROVISIONING_PROFILE_SPECIFIER = "";
				SWIFT_VERSION = 4.0;
				TARGETED_DEVICE_FAMILY = 1;
			};
			name = Release;
		};
/* End XCBuildConfiguration section */

/* Begin XCConfigurationList section */
		683738F72013BA5E002953B7 /* Build configuration list for PBXProject "Egg Timer" */ = {
			isa = XCConfigurationList;
			buildConfigurations = (
				6837390C2013BA5E002953B7 /* Debug */,
				6837390D2013BA5E002953B7 /* Release */,
			);
			defaultConfigurationIsVisible = 0;
			defaultConfigurationName = Release;
		};
		6837390E2013BA5E002953B7 /* Build configuration list for PBXNativeTarget "Egg Timer" */ = {
			isa = XCConfigurationList;
			buildConfigurations = (
				6837390F2013BA5E002953B7 /* Debug */,
				683739102013BA5E002953B7 /* Release */,
			);
			defaultConfigurationIsVisible = 0;
			defaultConfigurationName = Release;
		};
/* End XCConfigurationList section */
	};
	rootObject = 683738F42013BA5E002953B7 /* Project object */;
}
